
Microsoft Visual Studio Solution File, Format Version 12.00
Project("{FAE04EC0-301F-11D3-BF4B-00C04F79EFBC}") = "LearningBotCore", "LearningBotCore\LearningBotCore.csproj", "{9407CC48-8204-4135-B32B-FCC134C0E543}"
EndProject
Global
	GlobalSection(SolutionConfigurationPlatforms) = preSolution
		Debug|Any CPU = Debug|Any CPU
		Release|Any CPU = Release|Any CPU
	EndGlobalSection
	GlobalSection(ProjectConfigurationPlatforms) = postSolution
		{9407CC48-8204-4135-B32B-FCC134C0E543}.Debug|Any CPU.ActiveCfg = Debug|Any CPU
		{9407CC48-8204-4135-B32B-FCC134C0E543}.Debug|Any CPU.Build.0 = Debug|Any CPU
		{9407CC48-8204-4135-B32B-FCC134C0E543}.Release|Any CPU.ActiveCfg = Release|Any CPU
		{9407CC48-8204-4135-B32B-FCC134C0E543}.Release|Any CPU.Build.0 = Release|Any CPU
	EndGlobalSection
EndGlobal
